// !$*UTF8*$!
{
	archiveVersion = 1;
	classes = {
	};
	objectVersion = 56;
	objects = {

/* Begin PBXBuildFile section */
		4F12B9EE2BED75C4009B5EED /* IdentifiedCollections in Frameworks */ = {isa = PBXBuildFile; productRef = 4F12B9ED2BED75C4009B5EED /* IdentifiedCollections */; };
		4F2422912BF4462300099C08 /* MovieDetailsModel+StringMatching.swift in Sources */ = {isa = PBXBuildFile; fileRef = 4F2422902BF4462300099C08 /* MovieDetailsModel+StringMatching.swift */; };
		4F530D652BF6DE4E00212338 /* FlutterEngine.swift in Sources */ = {isa = PBXBuildFile; fileRef = 4F530D642BF6DE4E00212338 /* FlutterEngine.swift */; };
		4F5D16A42BED922700DF3561 /* DropDownView.swift in Sources */ = {isa = PBXBuildFile; fileRef = 4F5D16A32BED922700DF3561 /* DropDownView.swift */; };
		4F6BB40A2BEAD68D00F8006C /* Movie.swift in Sources */ = {isa = PBXBuildFile; fileRef = 4F6BB4092BEAD68D00F8006C /* Movie.swift */; };
		4F6BB40D2BEAD98300F8006C /* HomeView.swift in Sources */ = {isa = PBXBuildFile; fileRef = 4F6BB40C2BEAD98300F8006C /* HomeView.swift */; };
		4F6BB4102BEADE9600F8006C /* SDWebImageSwiftUI in Frameworks */ = {isa = PBXBuildFile; productRef = 4F6BB40F2BEADE9600F8006C /* SDWebImageSwiftUI */; };
		4F6BB4162BEB200B00F8006C /* HomeModel.swift in Sources */ = {isa = PBXBuildFile; fileRef = 4F6BB4152BEB200B00F8006C /* HomeModel.swift */; };
		4F6BB4192BEB202D00F8006C /* MovieRow.swift in Sources */ = {isa = PBXBuildFile; fileRef = 4F6BB4182BEB202D00F8006C /* MovieRow.swift */; };
		4F6BB41B2BEB205700F8006C /* ShimmerView.swift in Sources */ = {isa = PBXBuildFile; fileRef = 4F6BB41A2BEB205700F8006C /* ShimmerView.swift */; };
		4F78FFF52BEFF4960093C385 /* MovieList.swift in Sources */ = {isa = PBXBuildFile; fileRef = 4F78FFF42BEFF4960093C385 /* MovieList.swift */; };
		4F78FFF82BEFF4C40093C385 /* BindingExtension.swift in Sources */ = {isa = PBXBuildFile; fileRef = 4F78FFF72BEFF4C40093C385 /* BindingExtension.swift */; };
		4F78FFFB2BEFF58E0093C385 /* AppTheme.swift in Sources */ = {isa = PBXBuildFile; fileRef = 4F78FFFA2BEFF58E0093C385 /* AppTheme.swift */; };
		4F8696D92BF2A28E00110AE1 /* MovieDetailsView.swift in Sources */ = {isa = PBXBuildFile; fileRef = 4F8696D82BF2A28E00110AE1 /* MovieDetailsView.swift */; };
		4F8696DB2BF2A7E700110AE1 /* StretchyHeaderGeometry.swift in Sources */ = {isa = PBXBuildFile; fileRef = 4F8696DA2BF2A7E700110AE1 /* StretchyHeaderGeometry.swift */; };
		4F8696DD2BF2BC1900110AE1 /* Genre.swift in Sources */ = {isa = PBXBuildFile; fileRef = 4F8696DC2BF2BC1900110AE1 /* Genre.swift */; };
		4F8696DF2BF2BC4700110AE1 /* MovieDetails.swift in Sources */ = {isa = PBXBuildFile; fileRef = 4F8696DE2BF2BC4700110AE1 /* MovieDetails.swift */; };
		4F8696E12BF2BCB100110AE1 /* CastMember.swift in Sources */ = {isa = PBXBuildFile; fileRef = 4F8696E02BF2BCB100110AE1 /* CastMember.swift */; };
		4F8696E32BF2BDB900110AE1 /* CrewMember.swift in Sources */ = {isa = PBXBuildFile; fileRef = 4F8696E22BF2BDB900110AE1 /* CrewMember.swift */; };
		4F8696E52BF2BE2200110AE1 /* Credits.swift in Sources */ = {isa = PBXBuildFile; fileRef = 4F8696E42BF2BE2200110AE1 /* Credits.swift */; };
		4F8696EA2BF2CA7B00110AE1 /* MovieDetailsModel.swift in Sources */ = {isa = PBXBuildFile; fileRef = 4F8696E92BF2CA7B00110AE1 /* MovieDetailsModel.swift */; };
		4F8E2DE52BF6B80600D69A83 /* MovieHiveApp.swift in Sources */ = {isa = PBXBuildFile; fileRef = 4F8E2DE42BF6B80600D69A83 /* MovieHiveApp.swift */; };
		4F8EA99A2BF16F5F00640270 /* HeaderView.swift in Sources */ = {isa = PBXBuildFile; fileRef = 4F8EA9992BF16F5F00640270 /* HeaderView.swift */; };
		4FAAFCDA2BF4F34F007C9025 /* PlayTrailerView.swift in Sources */ = {isa = PBXBuildFile; fileRef = 4FAAFCD92BF4F34F007C9025 /* PlayTrailerView.swift */; };
		4FAAFCDC2BF4F904007C9025 /* VideosResponse.swift in Sources */ = {isa = PBXBuildFile; fileRef = 4FAAFCDB2BF4F904007C9025 /* VideosResponse.swift */; };
		4FD96E202BF5AC4B006C690A /* LaunchScreen.storyboard in Resources */ = {isa = PBXBuildFile; fileRef = 4FD96E1F2BF5AC4B006C690A /* LaunchScreen.storyboard */; };
		4FE174632BE9BB33006C950C /* Assets.xcassets in Resources */ = {isa = PBXBuildFile; fileRef = 4FE174622BE9BB33006C950C /* Assets.xcassets */; };
		4FE174662BE9BB33006C950C /* Preview Assets.xcassets in Resources */ = {isa = PBXBuildFile; fileRef = 4FE174652BE9BB33006C950C /* Preview Assets.xcassets */; };
		4FE1748A2BE9BCB3006C950C /* APIClient.swift in Sources */ = {isa = PBXBuildFile; fileRef = 4FE174892BE9BCB3006C950C /* APIClient.swift */; };
		4FE1748E2BE9C38D006C950C /* Secrets.swift in Sources */ = {isa = PBXBuildFile; fileRef = 4FE1748D2BE9C38C006C950C /* Secrets.swift */; };
		D667E662F3E68C921C9168AB /* Pods_MovieHive.framework in Frameworks */ = {isa = PBXBuildFile; fileRef = 7D8888A8A82522B24C47F30B /* Pods_MovieHive.framework */; };
/* End PBXBuildFile section */

/* Begin PBXFileReference section */
		1F9A24B739EF852F78BBCDCF /* Pods-MovieHive.release.xcconfig */ = {isa = PBXFileReference; includeInIndex = 1; lastKnownFileType = text.xcconfig; name = "Pods-MovieHive.release.xcconfig"; path = "Target Support Files/Pods-MovieHive/Pods-MovieHive.release.xcconfig"; sourceTree = "<group>"; };
		4F2422902BF4462300099C08 /* MovieDetailsModel+StringMatching.swift */ = {isa = PBXFileReference; lastKnownFileType = sourcecode.swift; path = "MovieDetailsModel+StringMatching.swift"; sourceTree = "<group>"; };
		4F530D642BF6DE4E00212338 /* FlutterEngine.swift */ = {isa = PBXFileReference; lastKnownFileType = sourcecode.swift; path = FlutterEngine.swift; sourceTree = "<group>"; };
		4F5D16A32BED922700DF3561 /* DropDownView.swift */ = {isa = PBXFileReference; lastKnownFileType = sourcecode.swift; path = DropDownView.swift; sourceTree = "<group>"; };
		4F6BB4092BEAD68D00F8006C /* Movie.swift */ = {isa = PBXFileReference; lastKnownFileType = sourcecode.swift; path = Movie.swift; sourceTree = "<group>"; };
		4F6BB40C2BEAD98300F8006C /* HomeView.swift */ = {isa = PBXFileReference; lastKnownFileType = sourcecode.swift; path = HomeView.swift; sourceTree = "<group>"; };
		4F6BB4132BEB1E9700F8006C /* Info.plist */ = {isa = PBXFileReference; lastKnownFileType = text.plist; path = Info.plist; sourceTree = "<group>"; };
		4F6BB4152BEB200B00F8006C /* HomeModel.swift */ = {isa = PBXFileReference; lastKnownFileType = sourcecode.swift; path = HomeModel.swift; sourceTree = "<group>"; };
		4F6BB4182BEB202D00F8006C /* MovieRow.swift */ = {isa = PBXFileReference; lastKnownFileType = sourcecode.swift; path = MovieRow.swift; sourceTree = "<group>"; };
		4F6BB41A2BEB205700F8006C /* ShimmerView.swift */ = {isa = PBXFileReference; lastKnownFileType = sourcecode.swift; path = ShimmerView.swift; sourceTree = "<group>"; };
		4F78FFF42BEFF4960093C385 /* MovieList.swift */ = {isa = PBXFileReference; lastKnownFileType = sourcecode.swift; path = MovieList.swift; sourceTree = "<group>"; };
		4F78FFF72BEFF4C40093C385 /* BindingExtension.swift */ = {isa = PBXFileReference; lastKnownFileType = sourcecode.swift; path = BindingExtension.swift; sourceTree = "<group>"; };
		4F78FFFA2BEFF58E0093C385 /* AppTheme.swift */ = {isa = PBXFileReference; lastKnownFileType = sourcecode.swift; path = AppTheme.swift; sourceTree = "<group>"; };
		4F8696D82BF2A28E00110AE1 /* MovieDetailsView.swift */ = {isa = PBXFileReference; lastKnownFileType = sourcecode.swift; path = MovieDetailsView.swift; sourceTree = "<group>"; };
		4F8696DA2BF2A7E700110AE1 /* StretchyHeaderGeometry.swift */ = {isa = PBXFileReference; lastKnownFileType = sourcecode.swift; path = StretchyHeaderGeometry.swift; sourceTree = "<group>"; };
		4F8696DC2BF2BC1900110AE1 /* Genre.swift */ = {isa = PBXFileReference; lastKnownFileType = sourcecode.swift; path = Genre.swift; sourceTree = "<group>"; };
		4F8696DE2BF2BC4700110AE1 /* MovieDetails.swift */ = {isa = PBXFileReference; lastKnownFileType = sourcecode.swift; path = MovieDetails.swift; sourceTree = "<group>"; };
		4F8696E02BF2BCB100110AE1 /* CastMember.swift */ = {isa = PBXFileReference; lastKnownFileType = sourcecode.swift; path = CastMember.swift; sourceTree = "<group>"; };
		4F8696E22BF2BDB900110AE1 /* CrewMember.swift */ = {isa = PBXFileReference; lastKnownFileType = sourcecode.swift; path = CrewMember.swift; sourceTree = "<group>"; };
		4F8696E42BF2BE2200110AE1 /* Credits.swift */ = {isa = PBXFileReference; lastKnownFileType = sourcecode.swift; path = Credits.swift; sourceTree = "<group>"; };
		4F8696E92BF2CA7B00110AE1 /* MovieDetailsModel.swift */ = {isa = PBXFileReference; lastKnownFileType = sourcecode.swift; path = MovieDetailsModel.swift; sourceTree = "<group>"; };
		4F8E2DE42BF6B80600D69A83 /* MovieHiveApp.swift */ = {isa = PBXFileReference; fileEncoding = 4; lastKnownFileType = sourcecode.swift; path = MovieHiveApp.swift; sourceTree = "<group>"; };
		4F8EA9992BF16F5F00640270 /* HeaderView.swift */ = {isa = PBXFileReference; lastKnownFileType = sourcecode.swift; path = HeaderView.swift; sourceTree = "<group>"; };
		4FAAFCD92BF4F34F007C9025 /* PlayTrailerView.swift */ = {isa = PBXFileReference; lastKnownFileType = sourcecode.swift; path = PlayTrailerView.swift; sourceTree = "<group>"; };
		4FAAFCDB2BF4F904007C9025 /* VideosResponse.swift */ = {isa = PBXFileReference; lastKnownFileType = sourcecode.swift; path = VideosResponse.swift; sourceTree = "<group>"; };
		4FD96E1F2BF5AC4B006C690A /* LaunchScreen.storyboard */ = {isa = PBXFileReference; lastKnownFileType = file.storyboard; path = LaunchScreen.storyboard; sourceTree = "<group>"; };
		4FE1745B2BE9BB32006C950C /* MovieHive.app */ = {isa = PBXFileReference; explicitFileType = wrapper.application; includeInIndex = 0; path = MovieHive.app; sourceTree = BUILT_PRODUCTS_DIR; };
		4FE174622BE9BB33006C950C /* Assets.xcassets */ = {isa = PBXFileReference; lastKnownFileType = folder.assetcatalog; path = Assets.xcassets; sourceTree = "<group>"; };
		4FE174652BE9BB33006C950C /* Preview Assets.xcassets */ = {isa = PBXFileReference; lastKnownFileType = folder.assetcatalog; path = "Preview Assets.xcassets"; sourceTree = "<group>"; };
		4FE174892BE9BCB3006C950C /* APIClient.swift */ = {isa = PBXFileReference; lastKnownFileType = sourcecode.swift; path = APIClient.swift; sourceTree = "<group>"; };
		4FE1748D2BE9C38C006C950C /* Secrets.swift */ = {isa = PBXFileReference; fileEncoding = 4; lastKnownFileType = sourcecode.swift; path = Secrets.swift; sourceTree = "<group>"; };
		51034C6FBA0CC94B64E5CDE1 /* Pods-MovieHive.debug.xcconfig */ = {isa = PBXFileReference; includeInIndex = 1; lastKnownFileType = text.xcconfig; name = "Pods-MovieHive.debug.xcconfig"; path = "Target Support Files/Pods-MovieHive/Pods-MovieHive.debug.xcconfig"; sourceTree = "<group>"; };
		7D8888A8A82522B24C47F30B /* Pods_MovieHive.framework */ = {isa = PBXFileReference; explicitFileType = wrapper.framework; includeInIndex = 0; path = Pods_MovieHive.framework; sourceTree = BUILT_PRODUCTS_DIR; };
/* End PBXFileReference section */

/* Begin PBXFrameworksBuildPhase section */
		4FE174582BE9BB32006C950C /* Frameworks */ = {
			isa = PBXFrameworksBuildPhase;
			buildActionMask = 2147483647;
			files = (
				4F6BB4102BEADE9600F8006C /* SDWebImageSwiftUI in Frameworks */,
				4F12B9EE2BED75C4009B5EED /* IdentifiedCollections in Frameworks */,
				D667E662F3E68C921C9168AB /* Pods_MovieHive.framework in Frameworks */,
			);
			runOnlyForDeploymentPostprocessing = 0;
		};
/* End PBXFrameworksBuildPhase section */

/* Begin PBXGroup section */
		4F530D632BF6DE3800212338 /* Flutter */ = {
			isa = PBXGroup;
			children = (
				4F530D642BF6DE4E00212338 /* FlutterEngine.swift */,
			);
			path = Flutter;
			sourceTree = "<group>";
		};
		4F6BB4082BEAD67700F8006C /* Models */ = {
			isa = PBXGroup;
			children = (
				4F78FFF42BEFF4960093C385 /* MovieList.swift */,
				4F6BB4092BEAD68D00F8006C /* Movie.swift */,
				4F8696DC2BF2BC1900110AE1 /* Genre.swift */,
				4F8696DE2BF2BC4700110AE1 /* MovieDetails.swift */,
				4F8696E02BF2BCB100110AE1 /* CastMember.swift */,
				4F8696E22BF2BDB900110AE1 /* CrewMember.swift */,
				4F8696E42BF2BE2200110AE1 /* Credits.swift */,
				4FAAFCDB2BF4F904007C9025 /* VideosResponse.swift */,
			);
			path = Models;
			sourceTree = "<group>";
		};
		4F6BB40B2BEAD97A00F8006C /* Home */ = {
			isa = PBXGroup;
			children = (
				4F78FFF92BEFF5830093C385 /* AppTheme */,
				4F78FFF62BEFF4B60093C385 /* Extensions */,
				4F6BB4172BEB201D00F8006C /* Views */,
				4F6BB4142BEB1FFA00F8006C /* HomeModel */,
			);
			path = Home;
			sourceTree = "<group>";
		};
		4F6BB4142BEB1FFA00F8006C /* HomeModel */ = {
			isa = PBXGroup;
			children = (
				4F6BB4152BEB200B00F8006C /* HomeModel.swift */,
			);
			path = HomeModel;
			sourceTree = "<group>";
		};
		4F6BB4172BEB201D00F8006C /* Views */ = {
			isa = PBXGroup;
			children = (
				4F6BB40C2BEAD98300F8006C /* HomeView.swift */,
				4F6BB4182BEB202D00F8006C /* MovieRow.swift */,
				4F6BB41A2BEB205700F8006C /* ShimmerView.swift */,
				4F5D16A32BED922700DF3561 /* DropDownView.swift */,
				4F8EA9992BF16F5F00640270 /* HeaderView.swift */,
			);
			path = Views;
			sourceTree = "<group>";
		};
		4F78FFF62BEFF4B60093C385 /* Extensions */ = {
			isa = PBXGroup;
			children = (
				4F78FFF72BEFF4C40093C385 /* BindingExtension.swift */,
			);
			path = Extensions;
			sourceTree = "<group>";
		};
		4F78FFF92BEFF5830093C385 /* AppTheme */ = {
			isa = PBXGroup;
			children = (
				4F78FFFA2BEFF58E0093C385 /* AppTheme.swift */,
			);
			name = AppTheme;
			sourceTree = "<group>";
		};
		4F8696E62BF2BEDE00110AE1 /* MovieDetails */ = {
			isa = PBXGroup;
			children = (
				4F8696E82BF2CA6900110AE1 /* MovieDetailsModel */,
				4F8696DA2BF2A7E700110AE1 /* StretchyHeaderGeometry.swift */,
				4F8696E72BF2BEE900110AE1 /* Views */,
			);
			path = MovieDetails;
			sourceTree = "<group>";
		};
		4F8696E72BF2BEE900110AE1 /* Views */ = {
			isa = PBXGroup;
			children = (
				4F8696D82BF2A28E00110AE1 /* MovieDetailsView.swift */,
				4FAAFCD92BF4F34F007C9025 /* PlayTrailerView.swift */,
			);
			path = Views;
			sourceTree = "<group>";
		};
		4F8696E82BF2CA6900110AE1 /* MovieDetailsModel */ = {
			isa = PBXGroup;
			children = (
				4F8696E92BF2CA7B00110AE1 /* MovieDetailsModel.swift */,
				4F2422902BF4462300099C08 /* MovieDetailsModel+StringMatching.swift */,
			);
			path = MovieDetailsModel;
			sourceTree = "<group>";
		};
		4FE174522BE9BB32006C950C = {
			isa = PBXGroup;
			children = (
				4FE1745D2BE9BB32006C950C /* MovieHive */,
				4FE1745C2BE9BB32006C950C /* Products */,
				F3FD07CCA6E86C769920352D /* Pods */,
				FFCAA8747F55BC7AF8CDCB8F /* Frameworks */,
			);
			sourceTree = "<group>";
		};
		4FE1745C2BE9BB32006C950C /* Products */ = {
			isa = PBXGroup;
			children = (
				4FE1745B2BE9BB32006C950C /* MovieHive.app */,
			);
			name = Products;
			sourceTree = "<group>";
		};
		4FE1745D2BE9BB32006C950C /* MovieHive */ = {
			isa = PBXGroup;
			children = (
				4F530D632BF6DE3800212338 /* Flutter */,
				4F6BB4132BEB1E9700F8006C /* Info.plist */,
				4F6BB40B2BEAD97A00F8006C /* Home */,
				4F8696E62BF2BEDE00110AE1 /* MovieDetails */,
				4FE174882BE9BC98006C950C /* API */,
				4FE174622BE9BB33006C950C /* Assets.xcassets */,
				4F8E2DE42BF6B80600D69A83 /* MovieHiveApp.swift */,
				4FE174642BE9BB33006C950C /* Preview Content */,
				4FD96E1F2BF5AC4B006C690A /* LaunchScreen.storyboard */,
			);
			path = MovieHive;
			sourceTree = "<group>";
		};
		4FE174642BE9BB33006C950C /* Preview Content */ = {
			isa = PBXGroup;
			children = (
				4FE174652BE9BB33006C950C /* Preview Assets.xcassets */,
			);
			path = "Preview Content";
			sourceTree = "<group>";
		};
		4FE174882BE9BC98006C950C /* API */ = {
			isa = PBXGroup;
			children = (
				4F6BB4082BEAD67700F8006C /* Models */,
				4FE174892BE9BCB3006C950C /* APIClient.swift */,
				4FE1748D2BE9C38C006C950C /* Secrets.swift */,
			);
			path = API;
			sourceTree = "<group>";
		};
		F3FD07CCA6E86C769920352D /* Pods */ = {
			isa = PBXGroup;
			children = (
				51034C6FBA0CC94B64E5CDE1 /* Pods-MovieHive.debug.xcconfig */,
				1F9A24B739EF852F78BBCDCF /* Pods-MovieHive.release.xcconfig */,
			);
			path = Pods;
			sourceTree = "<group>";
		};
		FFCAA8747F55BC7AF8CDCB8F /* Frameworks */ = {
			isa = PBXGroup;
			children = (
				7D8888A8A82522B24C47F30B /* Pods_MovieHive.framework */,
			);
			name = Frameworks;
			sourceTree = "<group>";
		};
/* End PBXGroup section */

/* Begin PBXNativeTarget section */
		4FE1745A2BE9BB32006C950C /* MovieHive */ = {
			isa = PBXNativeTarget;
			buildConfigurationList = 4FE1747F2BE9BB33006C950C /* Build configuration list for PBXNativeTarget "MovieHive" */;
			buildPhases = (
				1BCCE2D0F9FC3BA72880A5A4 /* [CP] Check Pods Manifest.lock */,
				2ECA7300A763C105ECA03335 /* [CP-User] Run Flutter Build flutter_module Script */,
				4FE174572BE9BB32006C950C /* Sources */,
				4FE174582BE9BB32006C950C /* Frameworks */,
				4FE174592BE9BB32006C950C /* Resources */,
				C016F697346EDBA0CDDE9C54 /* [CP-User] Embed Flutter Build flutter_module Script */,
			);
			buildRules = (
			);
			dependencies = (
			);
			name = MovieHive;
			packageProductDependencies = (
				4F6BB40F2BEADE9600F8006C /* SDWebImageSwiftUI */,
				4F12B9ED2BED75C4009B5EED /* IdentifiedCollections */,
			);
			productName = CineHub;
			productReference = 4FE1745B2BE9BB32006C950C /* MovieHive.app */;
			productType = "com.apple.product-type.application";
		};
/* End PBXNativeTarget section */

/* Begin PBXProject section */
		4FE174532BE9BB32006C950C /* Project object */ = {
			isa = PBXProject;
			attributes = {
				BuildIndependentTargetsInParallel = 1;
				LastSwiftUpdateCheck = 1530;
				LastUpgradeCheck = 1530;
				TargetAttributes = {
					4FE1745A2BE9BB32006C950C = {
						CreatedOnToolsVersion = 15.3;
					};
				};
			};
			buildConfigurationList = 4FE174562BE9BB32006C950C /* Build configuration list for PBXProject "MovieHive" */;
			compatibilityVersion = "Xcode 14.0";
			developmentRegion = en;
			hasScannedForEncodings = 0;
			knownRegions = (
				en,
				Base,
			);
			mainGroup = 4FE174522BE9BB32006C950C;
			packageReferences = (
				4F6BB40E2BEADE9600F8006C /* XCRemoteSwiftPackageReference "SDWebImageSwiftUI" */,
				4F12B9EC2BED75C4009B5EED /* XCRemoteSwiftPackageReference "swift-identified-collections" */,
			);
			productRefGroup = 4FE1745C2BE9BB32006C950C /* Products */;
			projectDirPath = "";
			projectRoot = "";
			targets = (
				4FE1745A2BE9BB32006C950C /* MovieHive */,
			);
		};
/* End PBXProject section */

/* Begin PBXResourcesBuildPhase section */
		4FE174592BE9BB32006C950C /* Resources */ = {
			isa = PBXResourcesBuildPhase;
			buildActionMask = 2147483647;
			files = (
				4FD96E202BF5AC4B006C690A /* LaunchScreen.storyboard in Resources */,
				4FE174662BE9BB33006C950C /* Preview Assets.xcassets in Resources */,
				4FE174632BE9BB33006C950C /* Assets.xcassets in Resources */,
			);
			runOnlyForDeploymentPostprocessing = 0;
		};
/* End PBXResourcesBuildPhase section */

/* Begin PBXShellScriptBuildPhase section */
		1BCCE2D0F9FC3BA72880A5A4 /* [CP] Check Pods Manifest.lock */ = {
			isa = PBXShellScriptBuildPhase;
			buildActionMask = 2147483647;
			files = (
			);
			inputFileListPaths = (
			);
			inputPaths = (
				"${PODS_PODFILE_DIR_PATH}/Podfile.lock",
				"${PODS_ROOT}/Manifest.lock",
			);
			name = "[CP] Check Pods Manifest.lock";
			outputFileListPaths = (
			);
			outputPaths = (
				"$(DERIVED_FILE_DIR)/Pods-MovieHive-checkManifestLockResult.txt",
			);
			runOnlyForDeploymentPostprocessing = 0;
			shellPath = /bin/sh;
			shellScript = "diff \"${PODS_PODFILE_DIR_PATH}/Podfile.lock\" \"${PODS_ROOT}/Manifest.lock\" > /dev/null\nif [ $? != 0 ] ; then\n    # print error to STDERR\n    echo \"error: The sandbox is not in sync with the Podfile.lock. Run 'pod install' or update your CocoaPods installation.\" >&2\n    exit 1\nfi\n# This output is used by Xcode 'outputs' to avoid re-running this script phase.\necho \"SUCCESS\" > \"${SCRIPT_OUTPUT_FILE_0}\"\n";
			showEnvVarsInLog = 0;
		};
		2ECA7300A763C105ECA03335 /* [CP-User] Run Flutter Build flutter_module Script */ = {
			isa = PBXShellScriptBuildPhase;
			buildActionMask = 2147483647;
			files = (
			);
			name = "[CP-User] Run Flutter Build flutter_module Script";
			runOnlyForDeploymentPostprocessing = 0;
			shellPath = /bin/sh;
			shellScript = "set -e\nset -u\nsource \"${SRCROOT}/flutter_module/.ios/Flutter/flutter_export_environment.sh\"\nexport VERBOSE_SCRIPT_LOGGING=1 && \"$FLUTTER_ROOT\"/packages/flutter_tools/bin/xcode_backend.sh build";
		};
		C016F697346EDBA0CDDE9C54 /* [CP-User] Embed Flutter Build flutter_module Script */ = {
			isa = PBXShellScriptBuildPhase;
			buildActionMask = 2147483647;
			files = (
			);
			name = "[CP-User] Embed Flutter Build flutter_module Script";
			runOnlyForDeploymentPostprocessing = 0;
			shellPath = /bin/sh;
			shellScript = "set -e\nset -u\nsource \"${SRCROOT}/flutter_module/.ios/Flutter/flutter_export_environment.sh\"\nexport VERBOSE_SCRIPT_LOGGING=1 && \"$FLUTTER_ROOT\"/packages/flutter_tools/bin/xcode_backend.sh embed_and_thin";
		};
/* End PBXShellScriptBuildPhase section */

/* Begin PBXSourcesBuildPhase section */
		4FE174572BE9BB32006C950C /* Sources */ = {
			isa = PBXSourcesBuildPhase;
			buildActionMask = 2147483647;
			files = (
				4FAAFCDC2BF4F904007C9025 /* VideosResponse.swift in Sources */,
				4FE1748E2BE9C38D006C950C /* Secrets.swift in Sources */,
				4F8696DF2BF2BC4700110AE1 /* MovieDetails.swift in Sources */,
				4F78FFF52BEFF4960093C385 /* MovieList.swift in Sources */,
				4F78FFF82BEFF4C40093C385 /* BindingExtension.swift in Sources */,
				4FAAFCDA2BF4F34F007C9025 /* PlayTrailerView.swift in Sources */,
				4F8696E32BF2BDB900110AE1 /* CrewMember.swift in Sources */,
				4F6BB4162BEB200B00F8006C /* HomeModel.swift in Sources */,
				4F8696DB2BF2A7E700110AE1 /* StretchyHeaderGeometry.swift in Sources */,
				4F6BB40D2BEAD98300F8006C /* HomeView.swift in Sources */,
				4F8E2DE52BF6B80600D69A83 /* MovieHiveApp.swift in Sources */,
				4F8696EA2BF2CA7B00110AE1 /* MovieDetailsModel.swift in Sources */,
				4F8696DD2BF2BC1900110AE1 /* Genre.swift in Sources */,
				4F6BB41B2BEB205700F8006C /* ShimmerView.swift in Sources */,
				4F8696E12BF2BCB100110AE1 /* CastMember.swift in Sources */,
				4F5D16A42BED922700DF3561 /* DropDownView.swift in Sources */,
				4F530D652BF6DE4E00212338 /* FlutterEngine.swift in Sources */,
				4F8696D92BF2A28E00110AE1 /* MovieDetailsView.swift in Sources */,
				4F6BB4192BEB202D00F8006C /* MovieRow.swift in Sources */,
				4F78FFFB2BEFF58E0093C385 /* AppTheme.swift in Sources */,
				4FE1748A2BE9BCB3006C950C /* APIClient.swift in Sources */,
				4F6BB40A2BEAD68D00F8006C /* Movie.swift in Sources */,
				4F2422912BF4462300099C08 /* MovieDetailsModel+StringMatching.swift in Sources */,
				4F8696E52BF2BE2200110AE1 /* Credits.swift in Sources */,
				4F8EA99A2BF16F5F00640270 /* HeaderView.swift in Sources */,
			);
			runOnlyForDeploymentPostprocessing = 0;
		};
/* End PBXSourcesBuildPhase section */

/* Begin XCBuildConfiguration section */
		4FE1747D2BE9BB33006C950C /* Debug */ = {
			isa = XCBuildConfiguration;
			buildSettings = {
				ALWAYS_SEARCH_USER_PATHS = NO;
				ASSETCATALOG_COMPILER_GENERATE_SWIFT_ASSET_SYMBOL_EXTENSIONS = YES;
				CLANG_ANALYZER_NONNULL = YES;
				CLANG_ANALYZER_NUMBER_OBJECT_CONVERSION = YES_AGGRESSIVE;
				CLANG_CXX_LANGUAGE_STANDARD = "gnu++20";
				CLANG_ENABLE_MODULES = YES;
				CLANG_ENABLE_OBJC_ARC = YES;
				CLANG_ENABLE_OBJC_WEAK = YES;
				CLANG_WARN_BLOCK_CAPTURE_AUTORELEASING = YES;
				CLANG_WARN_BOOL_CONVERSION = YES;
				CLANG_WARN_COMMA = YES;
				CLANG_WARN_CONSTANT_CONVERSION = YES;
				CLANG_WARN_DEPRECATED_OBJC_IMPLEMENTATIONS = YES;
				CLANG_WARN_DIRECT_OBJC_ISA_USAGE = YES_ERROR;
				CLANG_WARN_DOCUMENTATION_COMMENTS = YES;
				CLANG_WARN_EMPTY_BODY = YES;
				CLANG_WARN_ENUM_CONVERSION = YES;
				CLANG_WARN_INFINITE_RECURSION = YES;
				CLANG_WARN_INT_CONVERSION = YES;
				CLANG_WARN_NON_LITERAL_NULL_CONVERSION = YES;
				CLANG_WARN_OBJC_IMPLICIT_RETAIN_SELF = YES;
				CLANG_WARN_OBJC_LITERAL_CONVERSION = YES;
				CLANG_WARN_OBJC_ROOT_CLASS = YES_ERROR;
				CLANG_WARN_QUOTED_INCLUDE_IN_FRAMEWORK_HEADER = YES;
				CLANG_WARN_RANGE_LOOP_ANALYSIS = YES;
				CLANG_WARN_STRICT_PROTOTYPES = YES;
				CLANG_WARN_SUSPICIOUS_MOVE = YES;
				CLANG_WARN_UNGUARDED_AVAILABILITY = YES_AGGRESSIVE;
				CLANG_WARN_UNREACHABLE_CODE = YES;
				CLANG_WARN__DUPLICATE_METHOD_MATCH = YES;
				COPY_PHASE_STRIP = NO;
				DEBUG_INFORMATION_FORMAT = dwarf;
				ENABLE_STRICT_OBJC_MSGSEND = YES;
				ENABLE_TESTABILITY = YES;
				ENABLE_USER_SCRIPT_SANDBOXING = YES;
				GCC_C_LANGUAGE_STANDARD = gnu17;
				GCC_DYNAMIC_NO_PIC = NO;
				GCC_NO_COMMON_BLOCKS = YES;
				GCC_OPTIMIZATION_LEVEL = 0;
				GCC_PREPROCESSOR_DEFINITIONS = (
					"DEBUG=1",
					"$(inherited)",
				);
				GCC_WARN_64_TO_32_BIT_CONVERSION = YES;
				GCC_WARN_ABOUT_RETURN_TYPE = YES_ERROR;
				GCC_WARN_UNDECLARED_SELECTOR = YES;
				GCC_WARN_UNINITIALIZED_AUTOS = YES_AGGRESSIVE;
				GCC_WARN_UNUSED_FUNCTION = YES;
				GCC_WARN_UNUSED_VARIABLE = YES;
				IPHONEOS_DEPLOYMENT_TARGET = 17.4;
				LOCALIZATION_PREFERS_STRING_CATALOGS = YES;
				MTL_ENABLE_DEBUG_INFO = INCLUDE_SOURCE;
				MTL_FAST_MATH = YES;
				ONLY_ACTIVE_ARCH = YES;
				SDKROOT = iphoneos;
				SWIFT_ACTIVE_COMPILATION_CONDITIONS = "DEBUG $(inherited)";
				SWIFT_OPTIMIZATION_LEVEL = "-Onone";
			};
			name = Debug;
		};
		4FE1747E2BE9BB33006C950C /* Release */ = {
			isa = XCBuildConfiguration;
			buildSettings = {
				ALWAYS_SEARCH_USER_PATHS = NO;
				ASSETCATALOG_COMPILER_GENERATE_SWIFT_ASSET_SYMBOL_EXTENSIONS = YES;
				CLANG_ANALYZER_NONNULL = YES;
				CLANG_ANALYZER_NUMBER_OBJECT_CONVERSION = YES_AGGRESSIVE;
				CLANG_CXX_LANGUAGE_STANDARD = "gnu++20";
				CLANG_ENABLE_MODULES = YES;
				CLANG_ENABLE_OBJC_ARC = YES;
				CLANG_ENABLE_OBJC_WEAK = YES;
				CLANG_WARN_BLOCK_CAPTURE_AUTORELEASING = YES;
				CLANG_WARN_BOOL_CONVERSION = YES;
				CLANG_WARN_COMMA = YES;
				CLANG_WARN_CONSTANT_CONVERSION = YES;
				CLANG_WARN_DEPRECATED_OBJC_IMPLEMENTATIONS = YES;
				CLANG_WARN_DIRECT_OBJC_ISA_USAGE = YES_ERROR;
				CLANG_WARN_DOCUMENTATION_COMMENTS = YES;
				CLANG_WARN_EMPTY_BODY = YES;
				CLANG_WARN_ENUM_CONVERSION = YES;
				CLANG_WARN_INFINITE_RECURSION = YES;
				CLANG_WARN_INT_CONVERSION = YES;
				CLANG_WARN_NON_LITERAL_NULL_CONVERSION = YES;
				CLANG_WARN_OBJC_IMPLICIT_RETAIN_SELF = YES;
				CLANG_WARN_OBJC_LITERAL_CONVERSION = YES;
				CLANG_WARN_OBJC_ROOT_CLASS = YES_ERROR;
				CLANG_WARN_QUOTED_INCLUDE_IN_FRAMEWORK_HEADER = YES;
				CLANG_WARN_RANGE_LOOP_ANALYSIS = YES;
				CLANG_WARN_STRICT_PROTOTYPES = YES;
				CLANG_WARN_SUSPICIOUS_MOVE = YES;
				CLANG_WARN_UNGUARDED_AVAILABILITY = YES_AGGRESSIVE;
				CLANG_WARN_UNREACHABLE_CODE = YES;
				CLANG_WARN__DUPLICATE_METHOD_MATCH = YES;
				COPY_PHASE_STRIP = NO;
				DEBUG_INFORMATION_FORMAT = "dwarf-with-dsym";
				ENABLE_NS_ASSERTIONS = NO;
				ENABLE_STRICT_OBJC_MSGSEND = YES;
				ENABLE_USER_SCRIPT_SANDBOXING = YES;
				GCC_C_LANGUAGE_STANDARD = gnu17;
				GCC_NO_COMMON_BLOCKS = YES;
				GCC_WARN_64_TO_32_BIT_CONVERSION = YES;
				GCC_WARN_ABOUT_RETURN_TYPE = YES_ERROR;
				GCC_WARN_UNDECLARED_SELECTOR = YES;
				GCC_WARN_UNINITIALIZED_AUTOS = YES_AGGRESSIVE;
				GCC_WARN_UNUSED_FUNCTION = YES;
				GCC_WARN_UNUSED_VARIABLE = YES;
				IPHONEOS_DEPLOYMENT_TARGET = 17.4;
				LOCALIZATION_PREFERS_STRING_CATALOGS = YES;
				MTL_ENABLE_DEBUG_INFO = NO;
				MTL_FAST_MATH = YES;
				SDKROOT = iphoneos;
				SWIFT_COMPILATION_MODE = wholemodule;
				VALIDATE_PRODUCT = YES;
			};
			name = Release;
		};
		4FE174802BE9BB33006C950C /* Debug */ = {
			isa = XCBuildConfiguration;
			baseConfigurationReference = 51034C6FBA0CC94B64E5CDE1 /* Pods-MovieHive.debug.xcconfig */;
			buildSettings = {
				ASSETCATALOG_COMPILER_APPICON_NAME = AppIcon;
				ASSETCATALOG_COMPILER_GLOBAL_ACCENT_COLOR_NAME = AccentColor;
				CODE_SIGN_STYLE = Automatic;
				CURRENT_PROJECT_VERSION = 1;
				DEVELOPMENT_ASSET_PATHS = "\"MovieHive/Preview Content\"";
				DEVELOPMENT_TEAM = 74Q66W826L;
				ENABLE_PREVIEWS = YES;
				ENABLE_USER_SCRIPT_SANDBOXING = NO;
				GENERATE_INFOPLIST_FILE = YES;
				INFOPLIST_FILE = MovieHive/Info.plist;
				INFOPLIST_KEY_CFBundleDisplayName = MovieHive;
				INFOPLIST_KEY_LSApplicationCategoryType = "public.app-category.entertainment";
				INFOPLIST_KEY_UIApplicationSceneManifest_Generation = YES;
				INFOPLIST_KEY_UIApplicationSupportsIndirectInputEvents = YES;
				INFOPLIST_KEY_UILaunchStoryboardName = LaunchScreen;
				INFOPLIST_KEY_UISupportedInterfaceOrientations_iPad = "UIInterfaceOrientationPortrait UIInterfaceOrientationPortraitUpsideDown UIInterfaceOrientationLandscapeLeft UIInterfaceOrientationLandscapeRight";
				INFOPLIST_KEY_UISupportedInterfaceOrientations_iPhone = "UIInterfaceOrientationPortrait UIInterfaceOrientationLandscapeLeft UIInterfaceOrientationLandscapeRight";
				LD_RUNPATH_SEARCH_PATHS = (
					"$(inherited)",
					"@executable_path/Frameworks",
				);
				MARKETING_VERSION = 1.0;
				PRODUCT_BUNDLE_IDENTIFIER = com.home.moviehive;
				PRODUCT_NAME = "$(TARGET_NAME)";
				SWIFT_EMIT_LOC_STRINGS = YES;
				SWIFT_VERSION = 5.0;
				TARGETED_DEVICE_FAMILY = "1,2";
			};
			name = Debug;
		};
		4FE174812BE9BB33006C950C /* Release */ = {
			isa = XCBuildConfiguration;
			baseConfigurationReference = 1F9A24B739EF852F78BBCDCF /* Pods-MovieHive.release.xcconfig */;
			buildSettings = {
				ASSETCATALOG_COMPILER_APPICON_NAME = AppIcon;
				ASSETCATALOG_COMPILER_GLOBAL_ACCENT_COLOR_NAME = AccentColor;
				CODE_SIGN_STYLE = Automatic;
				CURRENT_PROJECT_VERSION = 1;
				DEVELOPMENT_ASSET_PATHS = "\"MovieHive/Preview Content\"";
				DEVELOPMENT_TEAM = 74Q66W826L;
				ENABLE_PREVIEWS = YES;
				ENABLE_USER_SCRIPT_SANDBOXING = NO;
				GENERATE_INFOPLIST_FILE = YES;
				INFOPLIST_FILE = MovieHive/Info.plist;
				INFOPLIST_KEY_CFBundleDisplayName = MovieHive;
				INFOPLIST_KEY_LSApplicationCategoryType = "public.app-category.entertainment";
				INFOPLIST_KEY_UIApplicationSceneManifest_Generation = YES;
				INFOPLIST_KEY_UIApplicationSupportsIndirectInputEvents = YES;
				INFOPLIST_KEY_UILaunchStoryboardName = LaunchScreen;
				INFOPLIST_KEY_UISupportedInterfaceOrientations_iPad = "UIInterfaceOrientationPortrait UIInterfaceOrientationPortraitUpsideDown UIInterfaceOrientationLandscapeLeft UIInterfaceOrientationLandscapeRight";
				INFOPLIST_KEY_UISupportedInterfaceOrientations_iPhone = "UIInterfaceOrientationPortrait UIInterfaceOrientationLandscapeLeft UIInterfaceOrientationLandscapeRight";
				LD_RUNPATH_SEARCH_PATHS = (
					"$(inherited)",
					"@executable_path/Frameworks",
				);
				MARKETING_VERSION = 1.0;
				PRODUCT_BUNDLE_IDENTIFIER = com.home.moviehive;
				PRODUCT_NAME = "$(TARGET_NAME)";
				SWIFT_EMIT_LOC_STRINGS = YES;
				SWIFT_VERSION = 5.0;
				TARGETED_DEVICE_FAMILY = "1,2";
			};
			name = Release;
		};
/* End XCBuildConfiguration section */

/* Begin XCConfigurationList section */
		4FE174562BE9BB32006C950C /* Build configuration list for PBXProject "MovieHive" */ = {
			isa = XCConfigurationList;
			buildConfigurations = (
				4FE1747D2BE9BB33006C950C /* Debug */,
				4FE1747E2BE9BB33006C950C /* Release */,
			);
			defaultConfigurationIsVisible = 0;
			defaultConfigurationName = Release;
		};
		4FE1747F2BE9BB33006C950C /* Build configuration list for PBXNativeTarget "MovieHive" */ = {
			isa = XCConfigurationList;
			buildConfigurations = (
				4FE174802BE9BB33006C950C /* Debug */,
				4FE174812BE9BB33006C950C /* Release */,
			);
			defaultConfigurationIsVisible = 0;
			defaultConfigurationName = Release;
		};
/* End XCConfigurationList section */

/* Begin XCRemoteSwiftPackageReference section */
		4F12B9EC2BED75C4009B5EED /* XCRemoteSwiftPackageReference "swift-identified-collections" */ = {
			isa = XCRemoteSwiftPackageReference;
			repositoryURL = "https://github.com/pointfreeco/swift-identified-collections";
			requirement = {
				kind = upToNextMajorVersion;
				minimumVersion = 1.0.1;
			};
		};
		4F6BB40E2BEADE9600F8006C /* XCRemoteSwiftPackageReference "SDWebImageSwiftUI" */ = {
			isa = XCRemoteSwiftPackageReference;
			repositoryURL = "https://github.com/SDWebImage/SDWebImageSwiftUI.git";
			requirement = {
				kind = upToNextMajorVersion;
				minimumVersion = 3.0.4;
			};
		};
/* End XCRemoteSwiftPackageReference section */

/* Begin XCSwiftPackageProductDependency section */
		4F12B9ED2BED75C4009B5EED /* IdentifiedCollections */ = {
			isa = XCSwiftPackageProductDependency;
			package = 4F12B9EC2BED75C4009B5EED /* XCRemoteSwiftPackageReference "swift-identified-collections" */;
			productName = IdentifiedCollections;
		};
		4F6BB40F2BEADE9600F8006C /* SDWebImageSwiftUI */ = {
			isa = XCSwiftPackageProductDependency;
			package = 4F6BB40E2BEADE9600F8006C /* XCRemoteSwiftPackageReference "SDWebImageSwiftUI" */;
			productName = SDWebImageSwiftUI;
		};
/* End XCSwiftPackageProductDependency section */
	};
	rootObject = 4FE174532BE9BB32006C950C /* Project object */;
}
